{
    "name": "programadores-para-la-paz-semana3-dia3",
    "version": "1.0.0",
    "lockfileVersion": 2,
    "requires": true,
    "packages": {
        "": {
            "name": "programadores-para-la-paz-semana3-dia3",
            "version": "1.0.0",
            "license": "MIT"
        }
    }
}
